# Generated by pub
# See https://dart.dev/tools/pub/glossary#lockfile
packages:
  built_collection:
    dependency: "direct main"
    description:
      name: built_collection
      url: "https://pub.dartlang.org"
    source: hosted
    version: "5.0.0-nullsafety.0"
  built_value:
    dependency: "direct main"
    description:
      name: built_value
      url: "https://pub.dartlang.org"
    source: hosted
    version: "8.0.0-nullsafety.0"
  collection:
    dependency: transitive
    description:
      name: collection
      url: "https://pub.dartlang.org"
    source: hosted
    version: "1.15.0-nullsafety.5"
  fixnum:
    dependency: transitive
    description:
      name: fixnum
      url: "https://pub.dartlang.org"
    source: hosted
    version: "1.0.0-nullsafety.0"
sdks:
  dart: ">=2.12.0-0 <3.0.0"
